
Microsoft Visual Studio Solution File, Format Version 12.00
# Visual Studio Version 17
VisualStudioVersion = 17.1.32228.430
MinimumVisualStudioVersion = 10.0.40219.1
Project("{FAE04EC0-301F-11D3-BF4B-00C04F79EFBC}") = "calculator", "calculator.csproj", "{598DBE26-C908-4867-A268-27B77154BADF}"
EndProject
Global
	GlobalSection(SolutionConfigurationPlatforms) = preSolution
		Debug|Any CPU = Debug|Any CPU
		Release|Any CPU = Release|Any CPU
	EndGlobalSection
	GlobalSection(ProjectConfigurationPlatforms) = postSolution
		{598DBE26-C908-4867-A268-27B77154BADF}.Debug|Any CPU.ActiveCfg = Debug|Any CPU
		{598DBE26-C908-4867-A268-27B77154BADF}.Debug|Any CPU.Build.0 = Debug|Any CPU
		{598DBE26-C908-4867-A268-27B77154BADF}.Release|Any CPU.ActiveCfg = Release|Any CPU
		{598DBE26-C908-4867-A268-27B77154BADF}.Release|Any CPU.Build.0 = Release|Any CPU
	EndGlobalSection
	GlobalSection(SolutionProperties) = preSolution
		HideSolutionNode = FALSE
	EndGlobalSection
	GlobalSection(ExtensibilityGlobals) = postSolution
		SolutionGuid = {B3BBA597-E6C8-4B63-A422-3121B05B8AA3}
	EndGlobalSection
EndGlobal
